{
  "name": "the-web3-blockchain-operation",
  "lockfileVersion": 2,
  "requires": true,
  "packages": {
    "": {
      "name": "the-web3-blockchain-operation",
      "dependencies": {
        "dapplink-secret": "git+ssh://git@github.com:eniac-x-labs/dapplink-secret.git"
      }
    },
    "node_modules/dapplink-secret": {
      "version": "1.0.5",
      "resolved": "git+ssh://git@github.com/eniac-x-labs/dapplink-secret.git#c45f498ae3122ad13cb8030f6b1d25c782969ddc",
      "license": "ISC"
    }
  },
  "dependencies": {
    "dapplink-secret": {
      "version": "git+ssh://git@github.com/eniac-x-labs/dapplink-secret.git#c45f498ae3122ad13cb8030f6b1d25c782969ddc",
      "from": "dapplink-secret@git+ssh://git@github.com:eniac-x-labs/dapplink-secret.git"
    }
  }
}
