{
  "name": "one",
  "version": "1.0.0",
  "lockfileVersion": 3,
  "requires": true,
  "packages": {
    "": {
      "name": "one",
      "version": "1.0.0",
      "license": "ISC",
      "dependencies": {
        "dapplink-secret": "github:eniac-x-labs/dapplink-secret"
      }
    },
    "node_modules/dapplink-secret": {
      "version": "1.0.5",
      "resolved": "git+ssh://git@github.com/eniac-x-labs/dapplink-secret.git#c45f498ae3122ad13cb8030f6b1d25c782969ddc",
      "license": "ISC"
    }
  }
}
